// !$*UTF8*$!
{
	archiveVersion = 1;
	classes = {
	};
	objectVersion = 56;
	objects = {

/* Begin PBXBuildFile section */
		950150132BFBD0A2003668BD /* TamaghostchiApp.swift in Sources */ = {isa = PBXBuildFile; fileRef = 950150122BFBD0A2003668BD /* TamaghostchiApp.swift */; };
		950150152BFBD0A2003668BD /* ContentView.swift in Sources */ = {isa = PBXBuildFile; fileRef = 950150142BFBD0A2003668BD /* ContentView.swift */; };
		950150192BFBD0A2003668BD /* Assets.xcassets in Resources */ = {isa = PBXBuildFile; fileRef = 950150182BFBD0A2003668BD /* Assets.xcassets */; };
		9501501C2BFBD0A2003668BD /* Preview Assets.xcassets in Resources */ = {isa = PBXBuildFile; fileRef = 9501501B2BFBD0A2003668BD /* Preview Assets.xcassets */; };
		950150232BFBD0EE003668BD /* ARViewController.swift in Sources */ = {isa = PBXBuildFile; fileRef = 950150222BFBD0EE003668BD /* ARViewController.swift */; };
		950150252BFBD10E003668BD /* FoodView.swift in Sources */ = {isa = PBXBuildFile; fileRef = 950150242BFBD10E003668BD /* FoodView.swift */; };
		950150272BFBD12E003668BD /* Baby.usdz in Resources */ = {isa = PBXBuildFile; fileRef = 950150262BFBD12E003668BD /* Baby.usdz */; };
		951277E72BFE5C7600A45342 /* Helper.swift in Sources */ = {isa = PBXBuildFile; fileRef = 951277E62BFE5C7600A45342 /* Helper.swift */; };
		955DC3912BFD236500BCC5A7 /* CoreMotionController.swift in Sources */ = {isa = PBXBuildFile; fileRef = 955DC3902BFD236500BCC5A7 /* CoreMotionController.swift */; };
/* End PBXBuildFile section */

/* Begin PBXFileReference section */
		9501500F2BFBD0A2003668BD /* Tamaghostchi.app */ = {isa = PBXFileReference; explicitFileType = wrapper.application; includeInIndex = 0; path = Tamaghostchi.app; sourceTree = BUILT_PRODUCTS_DIR; };
		950150122BFBD0A2003668BD /* TamaghostchiApp.swift */ = {isa = PBXFileReference; lastKnownFileType = sourcecode.swift; path = TamaghostchiApp.swift; sourceTree = "<group>"; };
		950150142BFBD0A2003668BD /* ContentView.swift */ = {isa = PBXFileReference; lastKnownFileType = sourcecode.swift; path = ContentView.swift; sourceTree = "<group>"; };
		950150182BFBD0A2003668BD /* Assets.xcassets */ = {isa = PBXFileReference; lastKnownFileType = folder.assetcatalog; path = Assets.xcassets; sourceTree = "<group>"; };
		9501501B2BFBD0A2003668BD /* Preview Assets.xcassets */ = {isa = PBXFileReference; lastKnownFileType = folder.assetcatalog; path = "Preview Assets.xcassets"; sourceTree = "<group>"; };
		950150222BFBD0EE003668BD /* ARViewController.swift */ = {isa = PBXFileReference; lastKnownFileType = sourcecode.swift; path = ARViewController.swift; sourceTree = "<group>"; };
		950150242BFBD10E003668BD /* FoodView.swift */ = {isa = PBXFileReference; lastKnownFileType = sourcecode.swift; path = FoodView.swift; sourceTree = "<group>"; };
		950150262BFBD12E003668BD /* Baby.usdz */ = {isa = PBXFileReference; lastKnownFileType = file.usdz; path = Baby.usdz; sourceTree = "<group>"; };
		951277E62BFE5C7600A45342 /* Helper.swift */ = {isa = PBXFileReference; lastKnownFileType = sourcecode.swift; path = Helper.swift; sourceTree = "<group>"; };
		955DC3902BFD236500BCC5A7 /* CoreMotionController.swift */ = {isa = PBXFileReference; lastKnownFileType = sourcecode.swift; path = CoreMotionController.swift; sourceTree = "<group>"; };
/* End PBXFileReference section */

/* Begin PBXFrameworksBuildPhase section */
		9501500C2BFBD0A2003668BD /* Frameworks */ = {
			isa = PBXFrameworksBuildPhase;
			buildActionMask = 2147483647;
			files = (
			);
			runOnlyForDeploymentPostprocessing = 0;
		};
/* End PBXFrameworksBuildPhase section */

/* Begin PBXGroup section */
		950150062BFBD0A2003668BD = {
			isa = PBXGroup;
			children = (
				950150112BFBD0A2003668BD /* Tamaghostchi */,
				950150102BFBD0A2003668BD /* Products */,
			);
			sourceTree = "<group>";
		};
		950150102BFBD0A2003668BD /* Products */ = {
			isa = PBXGroup;
			children = (
				9501500F2BFBD0A2003668BD /* Tamaghostchi.app */,
			);
			name = Products;
			sourceTree = "<group>";
		};
		950150112BFBD0A2003668BD /* Tamaghostchi */ = {
			isa = PBXGroup;
			children = (
				950150262BFBD12E003668BD /* Baby.usdz */,
				950150122BFBD0A2003668BD /* TamaghostchiApp.swift */,
				950150142BFBD0A2003668BD /* ContentView.swift */,
				951277E62BFE5C7600A45342 /* Helper.swift */,
				950150242BFBD10E003668BD /* FoodView.swift */,
				950150222BFBD0EE003668BD /* ARViewController.swift */,
				955DC3902BFD236500BCC5A7 /* CoreMotionController.swift */,
				950150182BFBD0A2003668BD /* Assets.xcassets */,
				9501501A2BFBD0A2003668BD /* Preview Content */,
			);
			path = Tamaghostchi;
			sourceTree = "<group>";
		};
		9501501A2BFBD0A2003668BD /* Preview Content */ = {
			isa = PBXGroup;
			children = (
				9501501B2BFBD0A2003668BD /* Preview Assets.xcassets */,
			);
			path = "Preview Content";
			sourceTree = "<group>";
		};
/* End PBXGroup section */

/* Begin PBXNativeTarget section */
		9501500E2BFBD0A2003668BD /* Tamaghostchi */ = {
			isa = PBXNativeTarget;
			buildConfigurationList = 9501501F2BFBD0A2003668BD /* Build configuration list for PBXNativeTarget "Tamaghostchi" */;
			buildPhases = (
				9501500B2BFBD0A2003668BD /* Sources */,
				9501500C2BFBD0A2003668BD /* Frameworks */,
				9501500D2BFBD0A2003668BD /* Resources */,
			);
			buildRules = (
			);
			dependencies = (
			);
			name = Tamaghostchi;
			productName = Tamaghostchi;
			productReference = 9501500F2BFBD0A2003668BD /* Tamaghostchi.app */;
			productType = "com.apple.product-type.application";
		};
/* End PBXNativeTarget section */

/* Begin PBXProject section */
		950150072BFBD0A2003668BD /* Project object */ = {
			isa = PBXProject;
			attributes = {
				BuildIndependentTargetsInParallel = 1;
				LastSwiftUpdateCheck = 1530;
				LastUpgradeCheck = 1530;
				TargetAttributes = {
					9501500E2BFBD0A2003668BD = {
						CreatedOnToolsVersion = 15.3;
					};
				};
			};
			buildConfigurationList = 9501500A2BFBD0A2003668BD /* Build configuration list for PBXProject "Tamaghostchi" */;
			compatibilityVersion = "Xcode 14.0";
			developmentRegion = en;
			hasScannedForEncodings = 0;
			knownRegions = (
				en,
				Base,
			);
			mainGroup = 950150062BFBD0A2003668BD;
			productRefGroup = 950150102BFBD0A2003668BD /* Products */;
			projectDirPath = "";
			projectRoot = "";
			targets = (
				9501500E2BFBD0A2003668BD /* Tamaghostchi */,
			);
		};
/* End PBXProject section */

/* Begin PBXResourcesBuildPhase section */
		9501500D2BFBD0A2003668BD /* Resources */ = {
			isa = PBXResourcesBuildPhase;
			buildActionMask = 2147483647;
			files = (
				9501501C2BFBD0A2003668BD /* Preview Assets.xcassets in Resources */,
				950150272BFBD12E003668BD /* Baby.usdz in Resources */,
				950150192BFBD0A2003668BD /* Assets.xcassets in Resources */,
			);
			runOnlyForDeploymentPostprocessing = 0;
		};
/* End PBXResourcesBuildPhase section */

/* Begin PBXSourcesBuildPhase section */
		9501500B2BFBD0A2003668BD /* Sources */ = {
			isa = PBXSourcesBuildPhase;
			buildActionMask = 2147483647;
			files = (
				955DC3912BFD236500BCC5A7 /* CoreMotionController.swift in Sources */,
				950150152BFBD0A2003668BD /* ContentView.swift in Sources */,
				950150252BFBD10E003668BD /* FoodView.swift in Sources */,
				950150132BFBD0A2003668BD /* TamaghostchiApp.swift in Sources */,
				950150232BFBD0EE003668BD /* ARViewController.swift in Sources */,
				951277E72BFE5C7600A45342 /* Helper.swift in Sources */,
			);
			runOnlyForDeploymentPostprocessing = 0;
		};
/* End PBXSourcesBuildPhase section */

/* Begin XCBuildConfiguration section */
		9501501D2BFBD0A2003668BD /* Debug */ = {
			isa = XCBuildConfiguration;
			buildSettings = {
				ALWAYS_SEARCH_USER_PATHS = NO;
				ASSETCATALOG_COMPILER_GENERATE_SWIFT_ASSET_SYMBOL_EXTENSIONS = YES;
				CLANG_ANALYZER_NONNULL = YES;
				CLANG_ANALYZER_NUMBER_OBJECT_CONVERSION = YES_AGGRESSIVE;
				CLANG_CXX_LANGUAGE_STANDARD = "gnu++20";
				CLANG_ENABLE_MODULES = YES;
				CLANG_ENABLE_OBJC_ARC = YES;
				CLANG_ENABLE_OBJC_WEAK = YES;
				CLANG_WARN_BLOCK_CAPTURE_AUTORELEASING = YES;
				CLANG_WARN_BOOL_CONVERSION = YES;
				CLANG_WARN_COMMA = YES;
				CLANG_WARN_CONSTANT_CONVERSION = YES;
				CLANG_WARN_DEPRECATED_OBJC_IMPLEMENTATIONS = YES;
				CLANG_WARN_DIRECT_OBJC_ISA_USAGE = YES_ERROR;
				CLANG_WARN_DOCUMENTATION_COMMENTS = YES;
				CLANG_WARN_EMPTY_BODY = YES;
				CLANG_WARN_ENUM_CONVERSION = YES;
				CLANG_WARN_INFINITE_RECURSION = YES;
				CLANG_WARN_INT_CONVERSION = YES;
				CLANG_WARN_NON_LITERAL_NULL_CONVERSION = YES;
				CLANG_WARN_OBJC_IMPLICIT_RETAIN_SELF = YES;
				CLANG_WARN_OBJC_LITERAL_CONVERSION = YES;
				CLANG_WARN_OBJC_ROOT_CLASS = YES_ERROR;
				CLANG_WARN_QUOTED_INCLUDE_IN_FRAMEWORK_HEADER = YES;
				CLANG_WARN_RANGE_LOOP_ANALYSIS = YES;
				CLANG_WARN_STRICT_PROTOTYPES = YES;
				CLANG_WARN_SUSPICIOUS_MOVE = YES;
				CLANG_WARN_UNGUARDED_AVAILABILITY = YES_AGGRESSIVE;
				CLANG_WARN_UNREACHABLE_CODE = YES;
				CLANG_WARN__DUPLICATE_METHOD_MATCH = YES;
				COPY_PHASE_STRIP = NO;
				DEBUG_INFORMATION_FORMAT = dwarf;
				ENABLE_STRICT_OBJC_MSGSEND = YES;
				ENABLE_TESTABILITY = YES;
				ENABLE_USER_SCRIPT_SANDBOXING = YES;
				GCC_C_LANGUAGE_STANDARD = gnu17;
				GCC_DYNAMIC_NO_PIC = NO;
				GCC_NO_COMMON_BLOCKS = YES;
				GCC_OPTIMIZATION_LEVEL = 0;
				GCC_PREPROCESSOR_DEFINITIONS = (
					"DEBUG=1",
					"$(inherited)",
				);
				GCC_WARN_64_TO_32_BIT_CONVERSION = YES;
				GCC_WARN_ABOUT_RETURN_TYPE = YES_ERROR;
				GCC_WARN_UNDECLARED_SELECTOR = YES;
				GCC_WARN_UNINITIALIZED_AUTOS = YES_AGGRESSIVE;
				GCC_WARN_UNUSED_FUNCTION = YES;
				GCC_WARN_UNUSED_VARIABLE = YES;
				IPHONEOS_DEPLOYMENT_TARGET = 17.4;
				LOCALIZATION_PREFERS_STRING_CATALOGS = YES;
				MTL_ENABLE_DEBUG_INFO = INCLUDE_SOURCE;
				MTL_FAST_MATH = YES;
				ONLY_ACTIVE_ARCH = YES;
				SDKROOT = iphoneos;
				SWIFT_ACTIVE_COMPILATION_CONDITIONS = "DEBUG $(inherited)";
				SWIFT_OPTIMIZATION_LEVEL = "-Onone";
			};
			name = Debug;
		};
		9501501E2BFBD0A2003668BD /* Release */ = {
			isa = XCBuildConfiguration;
			buildSettings = {
				ALWAYS_SEARCH_USER_PATHS = NO;
				ASSETCATALOG_COMPILER_GENERATE_SWIFT_ASSET_SYMBOL_EXTENSIONS = YES;
				CLANG_ANALYZER_NONNULL = YES;
				CLANG_ANALYZER_NUMBER_OBJECT_CONVERSION = YES_AGGRESSIVE;
				CLANG_CXX_LANGUAGE_STANDARD = "gnu++20";
				CLANG_ENABLE_MODULES = YES;
				CLANG_ENABLE_OBJC_ARC = YES;
				CLANG_ENABLE_OBJC_WEAK = YES;
				CLANG_WARN_BLOCK_CAPTURE_AUTORELEASING = YES;
				CLANG_WARN_BOOL_CONVERSION = YES;
				CLANG_WARN_COMMA = YES;
				CLANG_WARN_CONSTANT_CONVERSION = YES;
				CLANG_WARN_DEPRECATED_OBJC_IMPLEMENTATIONS = YES;
				CLANG_WARN_DIRECT_OBJC_ISA_USAGE = YES_ERROR;
				CLANG_WARN_DOCUMENTATION_COMMENTS = YES;
				CLANG_WARN_EMPTY_BODY = YES;
				CLANG_WARN_ENUM_CONVERSION = YES;
				CLANG_WARN_INFINITE_RECURSION = YES;
				CLANG_WARN_INT_CONVERSION = YES;
				CLANG_WARN_NON_LITERAL_NULL_CONVERSION = YES;
				CLANG_WARN_OBJC_IMPLICIT_RETAIN_SELF = YES;
				CLANG_WARN_OBJC_LITERAL_CONVERSION = YES;
				CLANG_WARN_OBJC_ROOT_CLASS = YES_ERROR;
				CLANG_WARN_QUOTED_INCLUDE_IN_FRAMEWORK_HEADER = YES;
				CLANG_WARN_RANGE_LOOP_ANALYSIS = YES;
				CLANG_WARN_STRICT_PROTOTYPES = YES;
				CLANG_WARN_SUSPICIOUS_MOVE = YES;
				CLANG_WARN_UNGUARDED_AVAILABILITY = YES_AGGRESSIVE;
				CLANG_WARN_UNREACHABLE_CODE = YES;
				CLANG_WARN__DUPLICATE_METHOD_MATCH = YES;
				COPY_PHASE_STRIP = NO;
				DEBUG_INFORMATION_FORMAT = "dwarf-with-dsym";
				ENABLE_NS_ASSERTIONS = NO;
				ENABLE_STRICT_OBJC_MSGSEND = YES;
				ENABLE_USER_SCRIPT_SANDBOXING = YES;
				GCC_C_LANGUAGE_STANDARD = gnu17;
				GCC_NO_COMMON_BLOCKS = YES;
				GCC_WARN_64_TO_32_BIT_CONVERSION = YES;
				GCC_WARN_ABOUT_RETURN_TYPE = YES_ERROR;
				GCC_WARN_UNDECLARED_SELECTOR = YES;
				GCC_WARN_UNINITIALIZED_AUTOS = YES_AGGRESSIVE;
				GCC_WARN_UNUSED_FUNCTION = YES;
				GCC_WARN_UNUSED_VARIABLE = YES;
				IPHONEOS_DEPLOYMENT_TARGET = 17.4;
				LOCALIZATION_PREFERS_STRING_CATALOGS = YES;
				MTL_ENABLE_DEBUG_INFO = NO;
				MTL_FAST_MATH = YES;
				SDKROOT = iphoneos;
				SWIFT_COMPILATION_MODE = wholemodule;
				VALIDATE_PRODUCT = YES;
			};
			name = Release;
		};
		950150202BFBD0A2003668BD /* Debug */ = {
			isa = XCBuildConfiguration;
			buildSettings = {
				ASSETCATALOG_COMPILER_APPICON_NAME = AppIcon;
				ASSETCATALOG_COMPILER_GLOBAL_ACCENT_COLOR_NAME = AccentColor;
				CODE_SIGN_STYLE = Automatic;
				CURRENT_PROJECT_VERSION = 1;
				DEVELOPMENT_ASSET_PATHS = "\"Tamaghostchi/Preview Content\"";
				DEVELOPMENT_TEAM = X2J87GT3T5;
				ENABLE_PREVIEWS = YES;
				GENERATE_INFOPLIST_FILE = YES;
				INFOPLIST_KEY_NSCameraUsageDescription = "Izin Kameranya kaka";
				INFOPLIST_KEY_UIApplicationSceneManifest_Generation = YES;
				INFOPLIST_KEY_UIApplicationSupportsIndirectInputEvents = YES;
				INFOPLIST_KEY_UILaunchScreen_Generation = YES;
				INFOPLIST_KEY_UISupportedInterfaceOrientations_iPad = "UIInterfaceOrientationPortrait UIInterfaceOrientationPortraitUpsideDown UIInterfaceOrientationLandscapeLeft UIInterfaceOrientationLandscapeRight";
				INFOPLIST_KEY_UISupportedInterfaceOrientations_iPhone = "UIInterfaceOrientationPortrait UIInterfaceOrientationLandscapeLeft UIInterfaceOrientationLandscapeRight";
				IPHONEOS_DEPLOYMENT_TARGET = 16.1;
				LD_RUNPATH_SEARCH_PATHS = (
					"$(inherited)",
					"@executable_path/Frameworks",
				);
				MARKETING_VERSION = 1.0;
				PRODUCT_BUNDLE_IDENTIFIER = Jeha.Tamaghostchi;
				PRODUCT_NAME = "$(TARGET_NAME)";
				SWIFT_EMIT_LOC_STRINGS = YES;
				SWIFT_VERSION = 5.0;
				TARGETED_DEVICE_FAMILY = "1,2";
			};
			name = Debug;
		};
		950150212BFBD0A2003668BD /* Release */ = {
			isa = XCBuildConfiguration;
			buildSettings = {
				ASSETCATALOG_COMPILER_APPICON_NAME = AppIcon;
				ASSETCATALOG_COMPILER_GLOBAL_ACCENT_COLOR_NAME = AccentColor;
				CODE_SIGN_STYLE = Automatic;
				CURRENT_PROJECT_VERSION = 1;
				DEVELOPMENT_ASSET_PATHS = "\"Tamaghostchi/Preview Content\"";
				DEVELOPMENT_TEAM = X2J87GT3T5;
				ENABLE_PREVIEWS = YES;
				GENERATE_INFOPLIST_FILE = YES;
				INFOPLIST_KEY_NSCameraUsageDescription = "Izin Kameranya kaka";
				INFOPLIST_KEY_UIApplicationSceneManifest_Generation = YES;
				INFOPLIST_KEY_UIApplicationSupportsIndirectInputEvents = YES;
				INFOPLIST_KEY_UILaunchScreen_Generation = YES;
				INFOPLIST_KEY_UISupportedInterfaceOrientations_iPad = "UIInterfaceOrientationPortrait UIInterfaceOrientationPortraitUpsideDown UIInterfaceOrientationLandscapeLeft UIInterfaceOrientationLandscapeRight";
				INFOPLIST_KEY_UISupportedInterfaceOrientations_iPhone = "UIInterfaceOrientationPortrait UIInterfaceOrientationLandscapeLeft UIInterfaceOrientationLandscapeRight";
				IPHONEOS_DEPLOYMENT_TARGET = 16.1;
				LD_RUNPATH_SEARCH_PATHS = (
					"$(inherited)",
					"@executable_path/Frameworks",
				);
				MARKETING_VERSION = 1.0;
				PRODUCT_BUNDLE_IDENTIFIER = Jeha.Tamaghostchi;
				PRODUCT_NAME = "$(TARGET_NAME)";
				SWIFT_EMIT_LOC_STRINGS = YES;
				SWIFT_VERSION = 5.0;
				TARGETED_DEVICE_FAMILY = "1,2";
			};
			name = Release;
		};
/* End XCBuildConfiguration section */

/* Begin XCConfigurationList section */
		9501500A2BFBD0A2003668BD /* Build configuration list for PBXProject "Tamaghostchi" */ = {
			isa = XCConfigurationList;
			buildConfigurations = (
				9501501D2BFBD0A2003668BD /* Debug */,
				9501501E2BFBD0A2003668BD /* Release */,
			);
			defaultConfigurationIsVisible = 0;
			defaultConfigurationName = Release;
		};
		9501501F2BFBD0A2003668BD /* Build configuration list for PBXNativeTarget "Tamaghostchi" */ = {
			isa = XCConfigurationList;
			buildConfigurations = (
				950150202BFBD0A2003668BD /* Debug */,
				950150212BFBD0A2003668BD /* Release */,
			);
			defaultConfigurationIsVisible = 0;
			defaultConfigurationName = Release;
		};
/* End XCConfigurationList section */
	};
	rootObject = 950150072BFBD0A2003668BD /* Project object */;
}
